{
  "version": 4,
  "terraform_version": "0.12.24",
  "serial": 14,
  "lineage": "c048a111-6a0f-4251-0519-a92e1e1e091a",
  "outputs": {
    "id": {
      "value": "/subscriptions/0261e5ca-11f4-4d8c-ac23-7aa4e9aeab17/resourceGroups/Test1-rg",
      "type": "string"
    },
    "name": {
      "value": "Test1-rg",
      "type": "string"
    }
  },
  "resources": [
    {
      "mode": "managed",
      "type": "azurerm_resource_group",
      "name": "Test",
      "provider": "provider.azurerm",
      "instances": [
        {
          "schema_version": 0,
          "attributes": {
            "id": "/subscriptions/0261e5ca-11f4-4d8c-ac23-7aa4e9aeab17/resourceGroups/Test1-rg",
            "location": "southeastasia",
            "name": "Test1-rg",
            "tags": {
              "Owner": "yunqian",
              "environment": "Development"
            },
            "timeouts": null
          },
          "private": "eyJlMmJmYjczMC1lY2FhLTExZTYtOGY4OC0zNDM2M2JjN2M0YzAiOnsiY3JlYXRlIjo1NDAwMDAwMDAwMDAwLCJkZWxldGUiOjU0MDAwMDAwMDAwMDAsInJlYWQiOjMwMDAwMDAwMDAwMCwidXBkYXRlIjo1NDAwMDAwMDAwMDAwfX0="
        }
      ]
    },
    {
      "mode": "managed",
      "type": "azurerm_virtual_network",
      "name": "vnet",
      "provider": "provider.azurerm",
      "instances": [
        {
          "schema_version": 0,
          "attributes": {
            "address_space": [
              "10.0.0.0/16"
            ],
            "ddos_protection_plan": [],
            "dns_servers": null,
            "guid": "cd2082d8-a6b4-4b3a-b5df-cb5bc3b15b76",
            "id": "/subscriptions/0261e5ca-11f4-4d8c-ac23-7aa4e9aeab17/resourceGroups/Test1-rg/providers/Microsoft.Network/virtualNetworks/Test-Vnet",
            "location": "southeastasia",
            "name": "Test-Vnet",
            "resource_group_name": "Test1-rg",
            "subnet": [],
            "tags": {
              "environment": "Develpoment"
            },
            "timeouts": null
          },
          "private": "eyJlMmJmYjczMC1lY2FhLTExZTYtOGY4OC0zNDM2M2JjN2M0YzAiOnsiY3JlYXRlIjoxODAwMDAwMDAwMDAwLCJkZWxldGUiOjE4MDAwMDAwMDAwMDAsInJlYWQiOjMwMDAwMDAwMDAwMCwidXBkYXRlIjoxODAwMDAwMDAwMDAwfX0=",
          "dependencies": [
            "azurerm_resource_group.Test"
          ]
        }
      ]
    }
  ]
}
